
Microsoft Visual Studio Solution File, Format Version 12.00
# Visual Studio Version 16
VisualStudioVersion = 16.0.31321.278
MinimumVisualStudioVersion = 10.0.40219.1
Project("{FAE04EC0-301F-11D3-BF4B-00C04F79EFBC}") = "listbox", "listbox\listbox.csproj", "{695C831B-D59A-4398-9DC2-E531E8039FF6}"
EndProject
Global
	GlobalSection(SolutionConfigurationPlatforms) = preSolution
		Debug|Any CPU = Debug|Any CPU
		Release|Any CPU = Release|Any CPU
	EndGlobalSection
	GlobalSection(ProjectConfigurationPlatforms) = postSolution
		{695C831B-D59A-4398-9DC2-E531E8039FF6}.Debug|Any CPU.ActiveCfg = Debug|Any CPU
		{695C831B-D59A-4398-9DC2-E531E8039FF6}.Debug|Any CPU.Build.0 = Debug|Any CPU
		{695C831B-D59A-4398-9DC2-E531E8039FF6}.Release|Any CPU.ActiveCfg = Release|Any CPU
		{695C831B-D59A-4398-9DC2-E531E8039FF6}.Release|Any CPU.Build.0 = Release|Any CPU
	EndGlobalSection
	GlobalSection(SolutionProperties) = preSolution
		HideSolutionNode = FALSE
	EndGlobalSection
	GlobalSection(ExtensibilityGlobals) = postSolution
		SolutionGuid = {3203B19D-80DF-463D-82BE-AF85D7F40965}
	EndGlobalSection
EndGlobal
